// !$*UTF8*$!
{
	archiveVersion = 1;
	classes = {
	};
	objectVersion = 56;
	objects = {

/* Begin PBXBuildFile section */
		D9ACAB4D2968C1730000805F /* AppDelegate.swift in Sources */ = {isa = PBXBuildFile; fileRef = D9ACAB4C2968C1730000805F /* AppDelegate.swift */; };
		D9ACAB512968C1730000805F /* Task3.swift in Sources */ = {isa = PBXBuildFile; fileRef = D9ACAB502968C1730000805F /* Task3.swift */; };
		D9ACAB562968C1740000805F /* Assets.xcassets in Resources */ = {isa = PBXBuildFile; fileRef = D9ACAB552968C1740000805F /* Assets.xcassets */; };
		D9ACAB592968C1740000805F /* LaunchScreen.storyboard in Resources */ = {isa = PBXBuildFile; fileRef = D9ACAB572968C1740000805F /* LaunchScreen.storyboard */; };
		D9ACAB6C296A20DB0000805F /* DefaultLabel.swift in Sources */ = {isa = PBXBuildFile; fileRef = D9ACAB6B296A20DB0000805F /* DefaultLabel.swift */; };
		D9B29F0529754F49003E8825 /* Task4.swift in Sources */ = {isa = PBXBuildFile; fileRef = D9B29F0429754F49003E8825 /* Task4.swift */; };
		D9B29F0729754FA4003E8825 /* DefaultTextField.swift in Sources */ = {isa = PBXBuildFile; fileRef = D9B29F0629754FA4003E8825 /* DefaultTextField.swift */; };
		D9DBDA012975637500FD7DC9 /* Tas5ViewController.swift in Sources */ = {isa = PBXBuildFile; fileRef = D9DBDA002975637500FD7DC9 /* Tas5ViewController.swift */; };
		D9DBDA0329756FD200FD7DC9 /* DefaultTitleLabel.swift in Sources */ = {isa = PBXBuildFile; fileRef = D9DBDA0229756FD200FD7DC9 /* DefaultTitleLabel.swift */; };
		D9DBDA08297586A500FD7DC9 /* Task2.swift in Sources */ = {isa = PBXBuildFile; fileRef = D9DBDA07297586A500FD7DC9 /* Task2.swift */; };
		D9DBDA0A2975874100FD7DC9 /* Categories.swift in Sources */ = {isa = PBXBuildFile; fileRef = D9DBDA092975874100FD7DC9 /* Categories.swift */; };
		D9DBDA0C297587A800FD7DC9 /* AnswersCollectionViewCell.swift in Sources */ = {isa = PBXBuildFile; fileRef = D9DBDA0B297587A800FD7DC9 /* AnswersCollectionViewCell.swift */; };
		D9DBDA102975911500FD7DC9 /* NumberLabel.swift in Sources */ = {isa = PBXBuildFile; fileRef = D9DBDA0F2975911500FD7DC9 /* NumberLabel.swift */; };
		D9DBDA132975934500FD7DC9 /* UIStackView+Ext.swift in Sources */ = {isa = PBXBuildFile; fileRef = D9DBDA122975934500FD7DC9 /* UIStackView+Ext.swift */; };
		D9DBDA172975B30000FD7DC9 /* VKCupTabBarController.swift in Sources */ = {isa = PBXBuildFile; fileRef = D9DBDA162975B30000FD7DC9 /* VKCupTabBarController.swift */; };
		D9DBDA1B2975B9B500FD7DC9 /* Task1.swift in Sources */ = {isa = PBXBuildFile; fileRef = D9DBDA1A2975B9B500FD7DC9 /* Task1.swift */; };
		D9DBDA1F2975C28200FD7DC9 /* QuestionCollectionViewCell.swift in Sources */ = {isa = PBXBuildFile; fileRef = D9DBDA1E2975C28200FD7DC9 /* QuestionCollectionViewCell.swift */; };
		D9DBDA212975C37800FD7DC9 /* Questions.swift in Sources */ = {isa = PBXBuildFile; fileRef = D9DBDA202975C37800FD7DC9 /* Questions.swift */; };
/* End PBXBuildFile section */

/* Begin PBXFileReference section */
		D9ACAB492968C1730000805F /* VKCupRound2IOS.app */ = {isa = PBXFileReference; explicitFileType = wrapper.application; includeInIndex = 0; path = VKCupRound2IOS.app; sourceTree = BUILT_PRODUCTS_DIR; };
		D9ACAB4C2968C1730000805F /* AppDelegate.swift */ = {isa = PBXFileReference; lastKnownFileType = sourcecode.swift; path = AppDelegate.swift; sourceTree = "<group>"; };
		D9ACAB502968C1730000805F /* Task3.swift */ = {isa = PBXFileReference; lastKnownFileType = sourcecode.swift; path = Task3.swift; sourceTree = "<group>"; };
		D9ACAB552968C1740000805F /* Assets.xcassets */ = {isa = PBXFileReference; lastKnownFileType = folder.assetcatalog; path = Assets.xcassets; sourceTree = "<group>"; };
		D9ACAB582968C1740000805F /* Base */ = {isa = PBXFileReference; lastKnownFileType = file.storyboard; name = Base; path = Base.lproj/LaunchScreen.storyboard; sourceTree = "<group>"; };
		D9ACAB5A2968C1740000805F /* Info.plist */ = {isa = PBXFileReference; lastKnownFileType = text.plist.xml; path = Info.plist; sourceTree = "<group>"; };
		D9ACAB6B296A20DB0000805F /* DefaultLabel.swift */ = {isa = PBXFileReference; lastKnownFileType = sourcecode.swift; path = DefaultLabel.swift; sourceTree = "<group>"; };
		D9B29F0429754F49003E8825 /* Task4.swift */ = {isa = PBXFileReference; lastKnownFileType = sourcecode.swift; path = Task4.swift; sourceTree = "<group>"; };
		D9B29F0629754FA4003E8825 /* DefaultTextField.swift */ = {isa = PBXFileReference; lastKnownFileType = sourcecode.swift; path = DefaultTextField.swift; sourceTree = "<group>"; };
		D9DBDA002975637500FD7DC9 /* Tas5ViewController.swift */ = {isa = PBXFileReference; lastKnownFileType = sourcecode.swift; path = Tas5ViewController.swift; sourceTree = "<group>"; };
		D9DBDA0229756FD200FD7DC9 /* DefaultTitleLabel.swift */ = {isa = PBXFileReference; lastKnownFileType = sourcecode.swift; path = DefaultTitleLabel.swift; sourceTree = "<group>"; };
		D9DBDA07297586A500FD7DC9 /* Task2.swift */ = {isa = PBXFileReference; lastKnownFileType = sourcecode.swift; path = Task2.swift; sourceTree = "<group>"; };
		D9DBDA092975874100FD7DC9 /* Categories.swift */ = {isa = PBXFileReference; lastKnownFileType = sourcecode.swift; path = Categories.swift; sourceTree = "<group>"; };
		D9DBDA0B297587A800FD7DC9 /* AnswersCollectionViewCell.swift */ = {isa = PBXFileReference; lastKnownFileType = sourcecode.swift; path = AnswersCollectionViewCell.swift; sourceTree = "<group>"; };
		D9DBDA0F2975911500FD7DC9 /* NumberLabel.swift */ = {isa = PBXFileReference; lastKnownFileType = sourcecode.swift; path = NumberLabel.swift; sourceTree = "<group>"; };
		D9DBDA122975934500FD7DC9 /* UIStackView+Ext.swift */ = {isa = PBXFileReference; lastKnownFileType = sourcecode.swift; path = "UIStackView+Ext.swift"; sourceTree = "<group>"; };
		D9DBDA162975B30000FD7DC9 /* VKCupTabBarController.swift */ = {isa = PBXFileReference; lastKnownFileType = sourcecode.swift; path = VKCupTabBarController.swift; sourceTree = "<group>"; };
		D9DBDA1A2975B9B500FD7DC9 /* Task1.swift */ = {isa = PBXFileReference; lastKnownFileType = sourcecode.swift; path = Task1.swift; sourceTree = "<group>"; };
		D9DBDA1E2975C28200FD7DC9 /* QuestionCollectionViewCell.swift */ = {isa = PBXFileReference; lastKnownFileType = sourcecode.swift; path = QuestionCollectionViewCell.swift; sourceTree = "<group>"; };
		D9DBDA202975C37800FD7DC9 /* Questions.swift */ = {isa = PBXFileReference; lastKnownFileType = sourcecode.swift; path = Questions.swift; sourceTree = "<group>"; };
/* End PBXFileReference section */

/* Begin PBXFrameworksBuildPhase section */
		D9ACAB462968C1730000805F /* Frameworks */ = {
			isa = PBXFrameworksBuildPhase;
			buildActionMask = 2147483647;
			files = (
			);
			runOnlyForDeploymentPostprocessing = 0;
		};
/* End PBXFrameworksBuildPhase section */

/* Begin PBXGroup section */
		D9ACAB402968C1730000805F = {
			isa = PBXGroup;
			children = (
				D9ACAB4B2968C1730000805F /* VKCupRound2IOS */,
				D9ACAB4A2968C1730000805F /* Products */,
			);
			sourceTree = "<group>";
		};
		D9ACAB4A2968C1730000805F /* Products */ = {
			isa = PBXGroup;
			children = (
				D9ACAB492968C1730000805F /* VKCupRound2IOS.app */,
			);
			name = Products;
			sourceTree = "<group>";
		};
		D9ACAB4B2968C1730000805F /* VKCupRound2IOS */ = {
			isa = PBXGroup;
			children = (
				D9ACAB6F296AF40A0000805F /* App */,
				D9DBDA182975B97400FD7DC9 /* Sources */,
				D9DBDA142975B29A00FD7DC9 /* Resources */,
			);
			path = VKCupRound2IOS;
			sourceTree = "<group>";
		};
		D9ACAB6E296AF2B70000805F /* Task3 */ = {
			isa = PBXGroup;
			children = (
				D9ACAB502968C1730000805F /* Task3.swift */,
				D9ACAB6B296A20DB0000805F /* DefaultLabel.swift */,
			);
			path = Task3;
			sourceTree = "<group>";
		};
		D9ACAB6F296AF40A0000805F /* App */ = {
			isa = PBXGroup;
			children = (
				D9ACAB4C2968C1730000805F /* AppDelegate.swift */,
			);
			path = App;
			sourceTree = "<group>";
		};
		D9B29F0329754F01003E8825 /* Task4 */ = {
			isa = PBXGroup;
			children = (
				D9B29F0429754F49003E8825 /* Task4.swift */,
				D9B29F0629754FA4003E8825 /* DefaultTextField.swift */,
				D9DBDA0229756FD200FD7DC9 /* DefaultTitleLabel.swift */,
			);
			path = Task4;
			sourceTree = "<group>";
		};
		D9DBD9F829755AEC00FD7DC9 /* Task5 */ = {
			isa = PBXGroup;
			children = (
				D9DBDA002975637500FD7DC9 /* Tas5ViewController.swift */,
			);
			name = Task5;
			path = ..;
			sourceTree = "<group>";
		};
		D9DBDA062975867800FD7DC9 /* Task2 */ = {
			isa = PBXGroup;
			children = (
				D9DBDA07297586A500FD7DC9 /* Task2.swift */,
				D9DBDA092975874100FD7DC9 /* Categories.swift */,
				D9DBDA0B297587A800FD7DC9 /* AnswersCollectionViewCell.swift */,
				D9DBDA0F2975911500FD7DC9 /* NumberLabel.swift */,
			);
			path = Task2;
			sourceTree = "<group>";
		};
		D9DBDA112975932E00FD7DC9 /* Extensions */ = {
			isa = PBXGroup;
			children = (
				D9DBDA122975934500FD7DC9 /* UIStackView+Ext.swift */,
			);
			path = Extensions;
			sourceTree = "<group>";
		};
		D9DBDA142975B29A00FD7DC9 /* Resources */ = {
			isa = PBXGroup;
			children = (
				D9ACAB552968C1740000805F /* Assets.xcassets */,
				D9ACAB572968C1740000805F /* LaunchScreen.storyboard */,
				D9ACAB5A2968C1740000805F /* Info.plist */,
			);
			path = Resources;
			sourceTree = "<group>";
		};
		D9DBDA152975B2CA00FD7DC9 /* TabBarControllers */ = {
			isa = PBXGroup;
			children = (
				D9DBDA162975B30000FD7DC9 /* VKCupTabBarController.swift */,
			);
			path = TabBarControllers;
			sourceTree = "<group>";
		};
		D9DBDA182975B97400FD7DC9 /* Sources */ = {
			isa = PBXGroup;
			children = (
				D9DBDA152975B2CA00FD7DC9 /* TabBarControllers */,
				D9DBDA192975B97F00FD7DC9 /* Task1 */,
				D9DBDA062975867800FD7DC9 /* Task2 */,
				D9ACAB6E296AF2B70000805F /* Task3 */,
				D9B29F0329754F01003E8825 /* Task4 */,
				D9DBD9F829755AEC00FD7DC9 /* Task5 */,
				D9DBDA112975932E00FD7DC9 /* Extensions */,
			);
			path = Sources;
			sourceTree = "<group>";
		};
		D9DBDA192975B97F00FD7DC9 /* Task1 */ = {
			isa = PBXGroup;
			children = (
				D9DBDA1A2975B9B500FD7DC9 /* Task1.swift */,
				D9DBDA1E2975C28200FD7DC9 /* QuestionCollectionViewCell.swift */,
				D9DBDA202975C37800FD7DC9 /* Questions.swift */,
			);
			path = Task1;
			sourceTree = "<group>";
		};
/* End PBXGroup section */

/* Begin PBXNativeTarget section */
		D9ACAB482968C1730000805F /* VKCupRound2IOS */ = {
			isa = PBXNativeTarget;
			buildConfigurationList = D9ACAB5D2968C1740000805F /* Build configuration list for PBXNativeTarget "VKCupRound2IOS" */;
			buildPhases = (
				D9ACAB452968C1730000805F /* Sources */,
				D9ACAB462968C1730000805F /* Frameworks */,
				D9ACAB472968C1730000805F /* Resources */,
			);
			buildRules = (
			);
			dependencies = (
			);
			name = VKCupRound2IOS;
			productName = VKCupRound2IOS;
			productReference = D9ACAB492968C1730000805F /* VKCupRound2IOS.app */;
			productType = "com.apple.product-type.application";
		};
/* End PBXNativeTarget section */

/* Begin PBXProject section */
		D9ACAB412968C1730000805F /* Project object */ = {
			isa = PBXProject;
			attributes = {
				BuildIndependentTargetsInParallel = 1;
				LastSwiftUpdateCheck = 1420;
				LastUpgradeCheck = 1420;
				TargetAttributes = {
					D9ACAB482968C1730000805F = {
						CreatedOnToolsVersion = 14.2;
					};
				};
			};
			buildConfigurationList = D9ACAB442968C1730000805F /* Build configuration list for PBXProject "VKCupRound2IOS" */;
			compatibilityVersion = "Xcode 14.0";
			developmentRegion = en;
			hasScannedForEncodings = 0;
			knownRegions = (
				en,
				Base,
			);
			mainGroup = D9ACAB402968C1730000805F;
			productRefGroup = D9ACAB4A2968C1730000805F /* Products */;
			projectDirPath = "";
			projectRoot = "";
			targets = (
				D9ACAB482968C1730000805F /* VKCupRound2IOS */,
			);
		};
/* End PBXProject section */

/* Begin PBXResourcesBuildPhase section */
		D9ACAB472968C1730000805F /* Resources */ = {
			isa = PBXResourcesBuildPhase;
			buildActionMask = 2147483647;
			files = (
				D9ACAB592968C1740000805F /* LaunchScreen.storyboard in Resources */,
				D9ACAB562968C1740000805F /* Assets.xcassets in Resources */,
			);
			runOnlyForDeploymentPostprocessing = 0;
		};
/* End PBXResourcesBuildPhase section */

/* Begin PBXSourcesBuildPhase section */
		D9ACAB452968C1730000805F /* Sources */ = {
			isa = PBXSourcesBuildPhase;
			buildActionMask = 2147483647;
			files = (
				D9DBDA0C297587A800FD7DC9 /* AnswersCollectionViewCell.swift in Sources */,
				D9ACAB512968C1730000805F /* Task3.swift in Sources */,
				D9B29F0529754F49003E8825 /* Task4.swift in Sources */,
				D9DBDA132975934500FD7DC9 /* UIStackView+Ext.swift in Sources */,
				D9DBDA0329756FD200FD7DC9 /* DefaultTitleLabel.swift in Sources */,
				D9DBDA212975C37800FD7DC9 /* Questions.swift in Sources */,
				D9DBDA08297586A500FD7DC9 /* Task2.swift in Sources */,
				D9ACAB6C296A20DB0000805F /* DefaultLabel.swift in Sources */,
				D9DBDA0A2975874100FD7DC9 /* Categories.swift in Sources */,
				D9B29F0729754FA4003E8825 /* DefaultTextField.swift in Sources */,
				D9ACAB4D2968C1730000805F /* AppDelegate.swift in Sources */,
				D9DBDA1F2975C28200FD7DC9 /* QuestionCollectionViewCell.swift in Sources */,
				D9DBDA1B2975B9B500FD7DC9 /* Task1.swift in Sources */,
				D9DBDA172975B30000FD7DC9 /* VKCupTabBarController.swift in Sources */,
				D9DBDA102975911500FD7DC9 /* NumberLabel.swift in Sources */,
				D9DBDA012975637500FD7DC9 /* Tas5ViewController.swift in Sources */,
			);
			runOnlyForDeploymentPostprocessing = 0;
		};
/* End PBXSourcesBuildPhase section */

/* Begin PBXVariantGroup section */
		D9ACAB572968C1740000805F /* LaunchScreen.storyboard */ = {
			isa = PBXVariantGroup;
			children = (
				D9ACAB582968C1740000805F /* Base */,
			);
			name = LaunchScreen.storyboard;
			sourceTree = "<group>";
		};
/* End PBXVariantGroup section */

/* Begin XCBuildConfiguration section */
		D9ACAB5B2968C1740000805F /* Debug */ = {
			isa = XCBuildConfiguration;
			buildSettings = {
				ALWAYS_SEARCH_USER_PATHS = NO;
				CLANG_ANALYZER_NONNULL = YES;
				CLANG_ANALYZER_NUMBER_OBJECT_CONVERSION = YES_AGGRESSIVE;
				CLANG_CXX_LANGUAGE_STANDARD = "gnu++20";
				CLANG_ENABLE_MODULES = YES;
				CLANG_ENABLE_OBJC_ARC = YES;
				CLANG_ENABLE_OBJC_WEAK = YES;
				CLANG_WARN_BLOCK_CAPTURE_AUTORELEASING = YES;
				CLANG_WARN_BOOL_CONVERSION = YES;
				CLANG_WARN_COMMA = YES;
				CLANG_WARN_CONSTANT_CONVERSION = YES;
				CLANG_WARN_DEPRECATED_OBJC_IMPLEMENTATIONS = YES;
				CLANG_WARN_DIRECT_OBJC_ISA_USAGE = YES_ERROR;
				CLANG_WARN_DOCUMENTATION_COMMENTS = YES;
				CLANG_WARN_EMPTY_BODY = YES;
				CLANG_WARN_ENUM_CONVERSION = YES;
				CLANG_WARN_INFINITE_RECURSION = YES;
				CLANG_WARN_INT_CONVERSION = YES;
				CLANG_WARN_NON_LITERAL_NULL_CONVERSION = YES;
				CLANG_WARN_OBJC_IMPLICIT_RETAIN_SELF = YES;
				CLANG_WARN_OBJC_LITERAL_CONVERSION = YES;
				CLANG_WARN_OBJC_ROOT_CLASS = YES_ERROR;
				CLANG_WARN_QUOTED_INCLUDE_IN_FRAMEWORK_HEADER = YES;
				CLANG_WARN_RANGE_LOOP_ANALYSIS = YES;
				CLANG_WARN_STRICT_PROTOTYPES = YES;
				CLANG_WARN_SUSPICIOUS_MOVE = YES;
				CLANG_WARN_UNGUARDED_AVAILABILITY = YES_AGGRESSIVE;
				CLANG_WARN_UNREACHABLE_CODE = YES;
				CLANG_WARN__DUPLICATE_METHOD_MATCH = YES;
				COPY_PHASE_STRIP = NO;
				DEBUG_INFORMATION_FORMAT = dwarf;
				ENABLE_STRICT_OBJC_MSGSEND = YES;
				ENABLE_TESTABILITY = YES;
				GCC_C_LANGUAGE_STANDARD = gnu11;
				GCC_DYNAMIC_NO_PIC = NO;
				GCC_NO_COMMON_BLOCKS = YES;
				GCC_OPTIMIZATION_LEVEL = 0;
				GCC_PREPROCESSOR_DEFINITIONS = (
					"DEBUG=1",
					"$(inherited)",
				);
				GCC_WARN_64_TO_32_BIT_CONVERSION = YES;
				GCC_WARN_ABOUT_RETURN_TYPE = YES_ERROR;
				GCC_WARN_UNDECLARED_SELECTOR = YES;
				GCC_WARN_UNINITIALIZED_AUTOS = YES_AGGRESSIVE;
				GCC_WARN_UNUSED_FUNCTION = YES;
				GCC_WARN_UNUSED_VARIABLE = YES;
				IPHONEOS_DEPLOYMENT_TARGET = 16.2;
				MTL_ENABLE_DEBUG_INFO = INCLUDE_SOURCE;
				MTL_FAST_MATH = YES;
				ONLY_ACTIVE_ARCH = YES;
				SDKROOT = iphoneos;
				SWIFT_ACTIVE_COMPILATION_CONDITIONS = DEBUG;
				SWIFT_OPTIMIZATION_LEVEL = "-Onone";
			};
			name = Debug;
		};
		D9ACAB5C2968C1740000805F /* Release */ = {
			isa = XCBuildConfiguration;
			buildSettings = {
				ALWAYS_SEARCH_USER_PATHS = NO;
				CLANG_ANALYZER_NONNULL = YES;
				CLANG_ANALYZER_NUMBER_OBJECT_CONVERSION = YES_AGGRESSIVE;
				CLANG_CXX_LANGUAGE_STANDARD = "gnu++20";
				CLANG_ENABLE_MODULES = YES;
				CLANG_ENABLE_OBJC_ARC = YES;
				CLANG_ENABLE_OBJC_WEAK = YES;
				CLANG_WARN_BLOCK_CAPTURE_AUTORELEASING = YES;
				CLANG_WARN_BOOL_CONVERSION = YES;
				CLANG_WARN_COMMA = YES;
				CLANG_WARN_CONSTANT_CONVERSION = YES;
				CLANG_WARN_DEPRECATED_OBJC_IMPLEMENTATIONS = YES;
				CLANG_WARN_DIRECT_OBJC_ISA_USAGE = YES_ERROR;
				CLANG_WARN_DOCUMENTATION_COMMENTS = YES;
				CLANG_WARN_EMPTY_BODY = YES;
				CLANG_WARN_ENUM_CONVERSION = YES;
				CLANG_WARN_INFINITE_RECURSION = YES;
				CLANG_WARN_INT_CONVERSION = YES;
				CLANG_WARN_NON_LITERAL_NULL_CONVERSION = YES;
				CLANG_WARN_OBJC_IMPLICIT_RETAIN_SELF = YES;
				CLANG_WARN_OBJC_LITERAL_CONVERSION = YES;
				CLANG_WARN_OBJC_ROOT_CLASS = YES_ERROR;
				CLANG_WARN_QUOTED_INCLUDE_IN_FRAMEWORK_HEADER = YES;
				CLANG_WARN_RANGE_LOOP_ANALYSIS = YES;
				CLANG_WARN_STRICT_PROTOTYPES = YES;
				CLANG_WARN_SUSPICIOUS_MOVE = YES;
				CLANG_WARN_UNGUARDED_AVAILABILITY = YES_AGGRESSIVE;
				CLANG_WARN_UNREACHABLE_CODE = YES;
				CLANG_WARN__DUPLICATE_METHOD_MATCH = YES;
				COPY_PHASE_STRIP = NO;
				DEBUG_INFORMATION_FORMAT = "dwarf-with-dsym";
				ENABLE_NS_ASSERTIONS = NO;
				ENABLE_STRICT_OBJC_MSGSEND = YES;
				GCC_C_LANGUAGE_STANDARD = gnu11;
				GCC_NO_COMMON_BLOCKS = YES;
				GCC_WARN_64_TO_32_BIT_CONVERSION = YES;
				GCC_WARN_ABOUT_RETURN_TYPE = YES_ERROR;
				GCC_WARN_UNDECLARED_SELECTOR = YES;
				GCC_WARN_UNINITIALIZED_AUTOS = YES_AGGRESSIVE;
				GCC_WARN_UNUSED_FUNCTION = YES;
				GCC_WARN_UNUSED_VARIABLE = YES;
				IPHONEOS_DEPLOYMENT_TARGET = 16.2;
				MTL_ENABLE_DEBUG_INFO = NO;
				MTL_FAST_MATH = YES;
				SDKROOT = iphoneos;
				SWIFT_COMPILATION_MODE = wholemodule;
				SWIFT_OPTIMIZATION_LEVEL = "-O";
				VALIDATE_PRODUCT = YES;
			};
			name = Release;
		};
		D9ACAB5E2968C1740000805F /* Debug */ = {
			isa = XCBuildConfiguration;
			buildSettings = {
				ASSETCATALOG_COMPILER_APPICON_NAME = AppIcon;
				ASSETCATALOG_COMPILER_GLOBAL_ACCENT_COLOR_NAME = AccentColor;
				CODE_SIGN_STYLE = Automatic;
				CURRENT_PROJECT_VERSION = 1;
				DEVELOPMENT_TEAM = 76N9URDUCT;
				GENERATE_INFOPLIST_FILE = YES;
				INFOPLIST_FILE = VKCupRound2IOS/Resources/Info.plist;
				INFOPLIST_KEY_UIApplicationSupportsIndirectInputEvents = YES;
				INFOPLIST_KEY_UILaunchStoryboardName = LaunchScreen;
				INFOPLIST_KEY_UISupportedInterfaceOrientations_iPad = "UIInterfaceOrientationPortrait UIInterfaceOrientationPortraitUpsideDown UIInterfaceOrientationLandscapeLeft UIInterfaceOrientationLandscapeRight";
				INFOPLIST_KEY_UISupportedInterfaceOrientations_iPhone = "UIInterfaceOrientationPortrait UIInterfaceOrientationLandscapeLeft UIInterfaceOrientationLandscapeRight";
				LD_RUNPATH_SEARCH_PATHS = (
					"$(inherited)",
					"@executable_path/Frameworks",
				);
				MARKETING_VERSION = 1.0;
				PRODUCT_BUNDLE_IDENTIFIER = ArtemGalay.VKCupRound2IOS;
				PRODUCT_NAME = "$(TARGET_NAME)";
				SWIFT_EMIT_LOC_STRINGS = YES;
				SWIFT_VERSION = 5.0;
				TARGETED_DEVICE_FAMILY = "1,2";
			};
			name = Debug;
		};
		D9ACAB5F2968C1740000805F /* Release */ = {
			isa = XCBuildConfiguration;
			buildSettings = {
				ASSETCATALOG_COMPILER_APPICON_NAME = AppIcon;
				ASSETCATALOG_COMPILER_GLOBAL_ACCENT_COLOR_NAME = AccentColor;
				CODE_SIGN_STYLE = Automatic;
				CURRENT_PROJECT_VERSION = 1;
				DEVELOPMENT_TEAM = 76N9URDUCT;
				GENERATE_INFOPLIST_FILE = YES;
				INFOPLIST_FILE = VKCupRound2IOS/Resources/Info.plist;
				INFOPLIST_KEY_UIApplicationSupportsIndirectInputEvents = YES;
				INFOPLIST_KEY_UILaunchStoryboardName = LaunchScreen;
				INFOPLIST_KEY_UISupportedInterfaceOrientations_iPad = "UIInterfaceOrientationPortrait UIInterfaceOrientationPortraitUpsideDown UIInterfaceOrientationLandscapeLeft UIInterfaceOrientationLandscapeRight";
				INFOPLIST_KEY_UISupportedInterfaceOrientations_iPhone = "UIInterfaceOrientationPortrait UIInterfaceOrientationLandscapeLeft UIInterfaceOrientationLandscapeRight";
				LD_RUNPATH_SEARCH_PATHS = (
					"$(inherited)",
					"@executable_path/Frameworks",
				);
				MARKETING_VERSION = 1.0;
				PRODUCT_BUNDLE_IDENTIFIER = ArtemGalay.VKCupRound2IOS;
				PRODUCT_NAME = "$(TARGET_NAME)";
				SWIFT_EMIT_LOC_STRINGS = YES;
				SWIFT_VERSION = 5.0;
				TARGETED_DEVICE_FAMILY = "1,2";
			};
			name = Release;
		};
/* End XCBuildConfiguration section */

/* Begin XCConfigurationList section */
		D9ACAB442968C1730000805F /* Build configuration list for PBXProject "VKCupRound2IOS" */ = {
			isa = XCConfigurationList;
			buildConfigurations = (
				D9ACAB5B2968C1740000805F /* Debug */,
				D9ACAB5C2968C1740000805F /* Release */,
			);
			defaultConfigurationIsVisible = 0;
			defaultConfigurationName = Release;
		};
		D9ACAB5D2968C1740000805F /* Build configuration list for PBXNativeTarget "VKCupRound2IOS" */ = {
			isa = XCConfigurationList;
			buildConfigurations = (
				D9ACAB5E2968C1740000805F /* Debug */,
				D9ACAB5F2968C1740000805F /* Release */,
			);
			defaultConfigurationIsVisible = 0;
			defaultConfigurationName = Release;
		};
/* End XCConfigurationList section */
	};
	rootObject = D9ACAB412968C1730000805F /* Project object */;
}
